{
  "requires": true,
  "lockfileVersion": 1,
  "dependencies": {
    "@vue/cli-plugin-vuex": {
      "version": "4.3.1",
      "resolved": "https://registry.npmjs.org/@vue/cli-plugin-vuex/-/cli-plugin-vuex-4.3.1.tgz",
      "integrity": "sha512-mukwOlhZGBJhkqO2b3wHFFHjK5aP00b1WUHdrOfLR7M18euhaTyb4kA5nwZwEOmU3EzZx6kHzSFCRy/XaMkLug==",
      "dev": true
    }
  }
}
